
Microsoft Visual Studio Solution File, Format Version 12.00
# Visual Studio 2013
VisualStudioVersion = 12.0.31101.0
MinimumVisualStudioVersion = 10.0.40219.1
Project("{2150E333-8FDC-42A3-9474-1A3956D46DE8}") = "Stopwatch", "Stopwatch", "{7BA295F3-8C76-46D2-9000-84B74FE6E8C3}"
EndProject
Project("{D954291E-2A0B-460D-934E-DC6B0785DB48}") = "Stopwatch.Shared", "Stopwatch\Stopwatch.Shared\Stopwatch.Shared.shproj", "{2E148D52-7109-469F-AA4C-11D8CEF53751}"
EndProject
Project("{FAE04EC0-301F-11D3-BF4B-00C04F79EFBC}") = "Stopwatch.Windows", "Stopwatch\Stopwatch.Windows\Stopwatch.Windows.csproj", "{3847ABDF-AD2E-4532-AD8F-DE46B1529506}"
EndProject
Project("{FAE04EC0-301F-11D3-BF4B-00C04F79EFBC}") = "Stopwatch.WindowsPhone", "Stopwatch\Stopwatch.WindowsPhone\Stopwatch.WindowsPhone.csproj", "{03FCBBE4-49A8-4F31-98A5-9131E774632C}"
EndProject
Global
	GlobalSection(SharedMSBuildProjectFiles) = preSolution
		Stopwatch\Stopwatch.Shared\Stopwatch.Shared.projitems*{03fcbbe4-49a8-4f31-98a5-9131e774632c}*SharedItemsImports = 4
		Stopwatch\Stopwatch.Shared\Stopwatch.Shared.projitems*{3847abdf-ad2e-4532-ad8f-de46b1529506}*SharedItemsImports = 4
		Stopwatch\Stopwatch.Shared\Stopwatch.Shared.projitems*{2e148d52-7109-469f-aa4c-11d8cef53751}*SharedItemsImports = 13
	EndGlobalSection
	GlobalSection(SolutionConfigurationPlatforms) = preSolution
		Debug|Any CPU = Debug|Any CPU
		Debug|ARM = Debug|ARM
		Debug|x64 = Debug|x64
		Debug|x86 = Debug|x86
		Release|Any CPU = Release|Any CPU
		Release|ARM = Release|ARM
		Release|x64 = Release|x64
		Release|x86 = Release|x86
	EndGlobalSection
	GlobalSection(ProjectConfigurationPlatforms) = postSolution
		{3847ABDF-AD2E-4532-AD8F-DE46B1529506}.Debug|Any CPU.ActiveCfg = Debug|Any CPU
		{3847ABDF-AD2E-4532-AD8F-DE46B1529506}.Debug|Any CPU.Build.0 = Debug|Any CPU
		{3847ABDF-AD2E-4532-AD8F-DE46B1529506}.Debug|Any CPU.Deploy.0 = Debug|Any CPU
		{3847ABDF-AD2E-4532-AD8F-DE46B1529506}.Debug|ARM.ActiveCfg = Debug|ARM
		{3847ABDF-AD2E-4532-AD8F-DE46B1529506}.Debug|ARM.Build.0 = Debug|ARM
		{3847ABDF-AD2E-4532-AD8F-DE46B1529506}.Debug|ARM.Deploy.0 = Debug|ARM
		{3847ABDF-AD2E-4532-AD8F-DE46B1529506}.Debug|x64.ActiveCfg = Debug|x64
		{3847ABDF-AD2E-4532-AD8F-DE46B1529506}.Debug|x64.Build.0 = Debug|x64
		{3847ABDF-AD2E-4532-AD8F-DE46B1529506}.Debug|x64.Deploy.0 = Debug|x64
		{3847ABDF-AD2E-4532-AD8F-DE46B1529506}.Debug|x86.ActiveCfg = Debug|x86
		{3847ABDF-AD2E-4532-AD8F-DE46B1529506}.Debug|x86.Build.0 = Debug|x86
		{3847ABDF-AD2E-4532-AD8F-DE46B1529506}.Debug|x86.Deploy.0 = Debug|x86
		{3847ABDF-AD2E-4532-AD8F-DE46B1529506}.Release|Any CPU.ActiveCfg = Release|Any CPU
		{3847ABDF-AD2E-4532-AD8F-DE46B1529506}.Release|Any CPU.Build.0 = Release|Any CPU
		{3847ABDF-AD2E-4532-AD8F-DE46B1529506}.Release|Any CPU.Deploy.0 = Release|Any CPU
		{3847ABDF-AD2E-4532-AD8F-DE46B1529506}.Release|ARM.ActiveCfg = Release|ARM
		{3847ABDF-AD2E-4532-AD8F-DE46B1529506}.Release|ARM.Build.0 = Release|ARM
		{3847ABDF-AD2E-4532-AD8F-DE46B1529506}.Release|ARM.Deploy.0 = Release|ARM
		{3847ABDF-AD2E-4532-AD8F-DE46B1529506}.Release|x64.ActiveCfg = Release|x64
		{3847ABDF-AD2E-4532-AD8F-DE46B1529506}.Release|x64.Build.0 = Release|x64
		{3847ABDF-AD2E-4532-AD8F-DE46B1529506}.Release|x64.Deploy.0 = Release|x64
		{3847ABDF-AD2E-4532-AD8F-DE46B1529506}.Release|x86.ActiveCfg = Release|x86
		{3847ABDF-AD2E-4532-AD8F-DE46B1529506}.Release|x86.Build.0 = Release|x86
		{3847ABDF-AD2E-4532-AD8F-DE46B1529506}.Release|x86.Deploy.0 = Release|x86
		{03FCBBE4-49A8-4F31-98A5-9131E774632C}.Debug|Any CPU.ActiveCfg = Debug|Any CPU
		{03FCBBE4-49A8-4F31-98A5-9131E774632C}.Debug|Any CPU.Build.0 = Debug|Any CPU
		{03FCBBE4-49A8-4F31-98A5-9131E774632C}.Debug|Any CPU.Deploy.0 = Debug|Any CPU
		{03FCBBE4-49A8-4F31-98A5-9131E774632C}.Debug|ARM.ActiveCfg = Debug|ARM
		{03FCBBE4-49A8-4F31-98A5-9131E774632C}.Debug|ARM.Build.0 = Debug|ARM
		{03FCBBE4-49A8-4F31-98A5-9131E774632C}.Debug|ARM.Deploy.0 = Debug|ARM
		{03FCBBE4-49A8-4F31-98A5-9131E774632C}.Debug|x64.ActiveCfg = Debug|Any CPU
		{03FCBBE4-49A8-4F31-98A5-9131E774632C}.Debug|x86.ActiveCfg = Debug|x86
		{03FCBBE4-49A8-4F31-98A5-9131E774632C}.Debug|x86.Build.0 = Debug|x86
		{03FCBBE4-49A8-4F31-98A5-9131E774632C}.Debug|x86.Deploy.0 = Debug|x86
		{03FCBBE4-49A8-4F31-98A5-9131E774632C}.Release|Any CPU.ActiveCfg = Release|Any CPU
		{03FCBBE4-49A8-4F31-98A5-9131E774632C}.Release|Any CPU.Build.0 = Release|Any CPU
		{03FCBBE4-49A8-4F31-98A5-9131E774632C}.Release|Any CPU.Deploy.0 = Release|Any CPU
		{03FCBBE4-49A8-4F31-98A5-9131E774632C}.Release|ARM.ActiveCfg = Release|ARM
		{03FCBBE4-49A8-4F31-98A5-9131E774632C}.Release|ARM.Build.0 = Release|ARM
		{03FCBBE4-49A8-4F31-98A5-9131E774632C}.Release|ARM.Deploy.0 = Release|ARM
		{03FCBBE4-49A8-4F31-98A5-9131E774632C}.Release|x64.ActiveCfg = Release|Any CPU
		{03FCBBE4-49A8-4F31-98A5-9131E774632C}.Release|x86.ActiveCfg = Release|x86
		{03FCBBE4-49A8-4F31-98A5-9131E774632C}.Release|x86.Build.0 = Release|x86
		{03FCBBE4-49A8-4F31-98A5-9131E774632C}.Release|x86.Deploy.0 = Release|x86
	EndGlobalSection
	GlobalSection(SolutionProperties) = preSolution
		HideSolutionNode = FALSE
	EndGlobalSection
	GlobalSection(NestedProjects) = preSolution
		{2E148D52-7109-469F-AA4C-11D8CEF53751} = {7BA295F3-8C76-46D2-9000-84B74FE6E8C3}
		{3847ABDF-AD2E-4532-AD8F-DE46B1529506} = {7BA295F3-8C76-46D2-9000-84B74FE6E8C3}
		{03FCBBE4-49A8-4F31-98A5-9131E774632C} = {7BA295F3-8C76-46D2-9000-84B74FE6E8C3}
	EndGlobalSection
EndGlobal
